// !$*UTF8*$!
{
	archiveVersion = 1;
	classes = {
	};
	objectVersion = 51;
	objects = {

/* Begin PBXBuildFile section */
		7CD1EFCF226D855600D85AB5 /* AppDelegate.m in Sources */ = {isa = PBXBuildFile; fileRef = 7CD1EFCE226D855600D85AB5 /* AppDelegate.m */; };
		7CD1EFD2226D855600D85AB5 /* ViewController.m in Sources */ = {isa = PBXBuildFile; fileRef = 7CD1EFD1226D855600D85AB5 /* ViewController.m */; };
		7CD1EFD5226D855600D85AB5 /* Main.storyboard in Resources */ = {isa = PBXBuildFile; fileRef = 7CD1EFD3226D855600D85AB5 /* Main.storyboard */; };
		7CD1EFD7226D855800D85AB5 /* Assets.xcassets in Resources */ = {isa = PBXBuildFile; fileRef = 7CD1EFD6226D855800D85AB5 /* Assets.xcassets */; };
		7CD1EFDA226D855800D85AB5 /* LaunchScreen.storyboard in Resources */ = {isa = PBXBuildFile; fileRef = 7CD1EFD8226D855800D85AB5 /* LaunchScreen.storyboard */; };
		7CD1EFDD226D855800D85AB5 /* main.m in Sources */ = {isa = PBXBuildFile; fileRef = 7CD1EFDC226D855800D85AB5 /* main.m */; };
		7CD1EFE9226D860100D85AB5 /* jedi_gobang_view.m in Sources */ = {isa = PBXBuildFile; fileRef = 7CD1EFE8226D860100D85AB5 /* jedi_gobang_view.m */; };
		8B51ECF322C793DE0000C282 /* jedi_gobang_Controller.m in Sources */ = {isa = PBXBuildFile; fileRef = 8B51ECF222C793DE0000C282 /* jedi_gobang_Controller.m */; };
		8BBD6DA222B2432D0032C84D /* NSString+Reverse.m in Sources */ = {isa = PBXBuildFile; fileRef = 8BBD6DA122B2432D0032C84D /* NSString+Reverse.m */; };
		8BBD6DA522B252EA0032C84D /* scoretree.m in Sources */ = {isa = PBXBuildFile; fileRef = 8BBD6DA422B252EA0032C84D /* scoretree.m */; };
		8BD42DF122AF985E00E0D395 /* gobang_board.m in Sources */ = {isa = PBXBuildFile; fileRef = 8BD42DF022AF985E00E0D395 /* gobang_board.m */; };
		CD42A9CA23433E7E00986CFB /* AIAction.m in Sources */ = {isa = PBXBuildFile; fileRef = CD42A9C923433E7E00986CFB /* AIAction.m */; };
		CD7AB08022DAC4AC0084C153 /* UIColor+Expanded.m in Sources */ = {isa = PBXBuildFile; fileRef = CD7AB07E22DAC4AC0084C153 /* UIColor+Expanded.m */; };
		CD7AB08322DB01500084C153 /* settingView.m in Sources */ = {isa = PBXBuildFile; fileRef = CD7AB08222DB01500084C153 /* settingView.m */; };
		CDCB5D2D22E43FD0009649A7 /* boardRecord.m in Sources */ = {isa = PBXBuildFile; fileRef = CDCB5D2C22E43FD0009649A7 /* boardRecord.m */; };
/* End PBXBuildFile section */

/* Begin PBXFileReference section */
		7CD1EFCA226D855600D85AB5 /* jedi_gobang.app */ = {isa = PBXFileReference; explicitFileType = wrapper.application; includeInIndex = 0; path = jedi_gobang.app; sourceTree = BUILT_PRODUCTS_DIR; };
		7CD1EFCD226D855600D85AB5 /* AppDelegate.h */ = {isa = PBXFileReference; lastKnownFileType = sourcecode.c.h; path = AppDelegate.h; sourceTree = "<group>"; };
		7CD1EFCE226D855600D85AB5 /* AppDelegate.m */ = {isa = PBXFileReference; lastKnownFileType = sourcecode.c.objc; path = AppDelegate.m; sourceTree = "<group>"; };
		7CD1EFD0226D855600D85AB5 /* ViewController.h */ = {isa = PBXFileReference; lastKnownFileType = sourcecode.c.h; path = ViewController.h; sourceTree = "<group>"; };
		7CD1EFD1226D855600D85AB5 /* ViewController.m */ = {isa = PBXFileReference; lastKnownFileType = sourcecode.c.objc; path = ViewController.m; sourceTree = "<group>"; };
		7CD1EFD4226D855600D85AB5 /* Base */ = {isa = PBXFileReference; lastKnownFileType = file.storyboard; name = Base; path = Base.lproj/Main.storyboard; sourceTree = "<group>"; };
		7CD1EFD6226D855800D85AB5 /* Assets.xcassets */ = {isa = PBXFileReference; lastKnownFileType = folder.assetcatalog; path = Assets.xcassets; sourceTree = "<group>"; };
		7CD1EFD9226D855800D85AB5 /* Base */ = {isa = PBXFileReference; lastKnownFileType = file.storyboard; name = Base; path = Base.lproj/LaunchScreen.storyboard; sourceTree = "<group>"; };
		7CD1EFDB226D855800D85AB5 /* Info.plist */ = {isa = PBXFileReference; lastKnownFileType = text.plist.xml; path = Info.plist; sourceTree = "<group>"; };
		7CD1EFDC226D855800D85AB5 /* main.m */ = {isa = PBXFileReference; lastKnownFileType = sourcecode.c.objc; path = main.m; sourceTree = "<group>"; };
		7CD1EFE7226D860100D85AB5 /* jedi_gobang_view.h */ = {isa = PBXFileReference; lastKnownFileType = sourcecode.c.h; path = jedi_gobang_view.h; sourceTree = "<group>"; };
		7CD1EFE8226D860100D85AB5 /* jedi_gobang_view.m */ = {isa = PBXFileReference; lastKnownFileType = sourcecode.c.objc; path = jedi_gobang_view.m; sourceTree = "<group>"; };
		8B51ECF122C793DE0000C282 /* jedi_gobang_Controller.h */ = {isa = PBXFileReference; lastKnownFileType = sourcecode.c.h; path = jedi_gobang_Controller.h; sourceTree = "<group>"; };
		8B51ECF222C793DE0000C282 /* jedi_gobang_Controller.m */ = {isa = PBXFileReference; lastKnownFileType = sourcecode.c.objc; path = jedi_gobang_Controller.m; sourceTree = "<group>"; };
		8BBD6DA022B2432D0032C84D /* NSString+Reverse.h */ = {isa = PBXFileReference; lastKnownFileType = sourcecode.c.h; path = "NSString+Reverse.h"; sourceTree = "<group>"; };
		8BBD6DA122B2432D0032C84D /* NSString+Reverse.m */ = {isa = PBXFileReference; lastKnownFileType = sourcecode.c.objc; path = "NSString+Reverse.m"; sourceTree = "<group>"; };
		8BBD6DA322B252EA0032C84D /* scoretree.h */ = {isa = PBXFileReference; lastKnownFileType = sourcecode.c.h; path = scoretree.h; sourceTree = "<group>"; };
		8BBD6DA422B252EA0032C84D /* scoretree.m */ = {isa = PBXFileReference; lastKnownFileType = sourcecode.c.objc; path = scoretree.m; sourceTree = "<group>"; };
		8BD42DEF22AF985E00E0D395 /* gobang_board.h */ = {isa = PBXFileReference; lastKnownFileType = sourcecode.c.h; path = gobang_board.h; sourceTree = "<group>"; };
		8BD42DF022AF985E00E0D395 /* gobang_board.m */ = {isa = PBXFileReference; lastKnownFileType = sourcecode.c.objc; path = gobang_board.m; sourceTree = "<group>"; };
		CD42A9C823433E7E00986CFB /* AIAction.h */ = {isa = PBXFileReference; lastKnownFileType = sourcecode.c.h; path = AIAction.h; sourceTree = "<group>"; };
		CD42A9C923433E7E00986CFB /* AIAction.m */ = {isa = PBXFileReference; lastKnownFileType = sourcecode.c.objc; path = AIAction.m; sourceTree = "<group>"; };
		CD7AB07E22DAC4AC0084C153 /* UIColor+Expanded.m */ = {isa = PBXFileReference; fileEncoding = 4; lastKnownFileType = sourcecode.c.objc; path = "UIColor+Expanded.m"; sourceTree = "<group>"; };
		CD7AB07F22DAC4AC0084C153 /* UIColor+Expanded.h */ = {isa = PBXFileReference; fileEncoding = 4; lastKnownFileType = sourcecode.c.h; path = "UIColor+Expanded.h"; sourceTree = "<group>"; };
		CD7AB08122DB01500084C153 /* settingView.h */ = {isa = PBXFileReference; lastKnownFileType = sourcecode.c.h; path = settingView.h; sourceTree = "<group>"; };
		CD7AB08222DB01500084C153 /* settingView.m */ = {isa = PBXFileReference; lastKnownFileType = sourcecode.c.objc; path = settingView.m; sourceTree = "<group>"; };
		CDCB5D2B22E43FD0009649A7 /* boardRecord.h */ = {isa = PBXFileReference; lastKnownFileType = sourcecode.c.h; path = boardRecord.h; sourceTree = "<group>"; };
		CDCB5D2C22E43FD0009649A7 /* boardRecord.m */ = {isa = PBXFileReference; lastKnownFileType = sourcecode.c.objc; path = boardRecord.m; sourceTree = "<group>"; };
/* End PBXFileReference section */

/* Begin PBXFrameworksBuildPhase section */
		7CD1EFC7226D855600D85AB5 /* Frameworks */ = {
			isa = PBXFrameworksBuildPhase;
			buildActionMask = 2147483647;
			files = (
			);
			runOnlyForDeploymentPostprocessing = 0;
		};
/* End PBXFrameworksBuildPhase section */

/* Begin PBXGroup section */
		7CD1EFC1226D855600D85AB5 = {
			isa = PBXGroup;
			children = (
				CD42A9C723433E3E00986CFB /* AIAction */,
				8BBD6D9C22B242CF0032C84D /* modules */,
				7CD1EFE6226D85DD00D85AB5 /* jedi_gobang_core */,
				7CD1EFCC226D855600D85AB5 /* jedi_gobang */,
				7CD1EFCB226D855600D85AB5 /* Products */,
			);
			sourceTree = "<group>";
		};
		7CD1EFCB226D855600D85AB5 /* Products */ = {
			isa = PBXGroup;
			children = (
				7CD1EFCA226D855600D85AB5 /* jedi_gobang.app */,
			);
			name = Products;
			sourceTree = "<group>";
		};
		7CD1EFCC226D855600D85AB5 /* jedi_gobang */ = {
			isa = PBXGroup;
			children = (
				7CD1EFCD226D855600D85AB5 /* AppDelegate.h */,
				7CD1EFCE226D855600D85AB5 /* AppDelegate.m */,
				7CD1EFD0226D855600D85AB5 /* ViewController.h */,
				7CD1EFD1226D855600D85AB5 /* ViewController.m */,
				7CD1EFD3226D855600D85AB5 /* Main.storyboard */,
				7CD1EFD6226D855800D85AB5 /* Assets.xcassets */,
				7CD1EFD8226D855800D85AB5 /* LaunchScreen.storyboard */,
				7CD1EFDB226D855800D85AB5 /* Info.plist */,
				7CD1EFDC226D855800D85AB5 /* main.m */,
			);
			path = jedi_gobang;
			sourceTree = "<group>";
		};
		7CD1EFE6226D85DD00D85AB5 /* jedi_gobang_core */ = {
			isa = PBXGroup;
			children = (
				7CD1EFE7226D860100D85AB5 /* jedi_gobang_view.h */,
				7CD1EFE8226D860100D85AB5 /* jedi_gobang_view.m */,
				8BD42DEF22AF985E00E0D395 /* gobang_board.h */,
				8BD42DF022AF985E00E0D395 /* gobang_board.m */,
				8BBD6DA322B252EA0032C84D /* scoretree.h */,
				8BBD6DA422B252EA0032C84D /* scoretree.m */,
				8B51ECF122C793DE0000C282 /* jedi_gobang_Controller.h */,
				8B51ECF222C793DE0000C282 /* jedi_gobang_Controller.m */,
				CD7AB08122DB01500084C153 /* settingView.h */,
				CD7AB08222DB01500084C153 /* settingView.m */,
				CDCB5D2B22E43FD0009649A7 /* boardRecord.h */,
				CDCB5D2C22E43FD0009649A7 /* boardRecord.m */,
			);
			name = jedi_gobang_core;
			sourceTree = "<group>";
		};
		8BBD6D9C22B242CF0032C84D /* modules */ = {
			isa = PBXGroup;
			children = (
				CD7AB07F22DAC4AC0084C153 /* UIColor+Expanded.h */,
				CD7AB07E22DAC4AC0084C153 /* UIColor+Expanded.m */,
				8BBD6DA022B2432D0032C84D /* NSString+Reverse.h */,
				8BBD6DA122B2432D0032C84D /* NSString+Reverse.m */,
			);
			path = modules;
			sourceTree = "<group>";
		};
		CD42A9C723433E3E00986CFB /* AIAction */ = {
			isa = PBXGroup;
			children = (
				CD42A9C823433E7E00986CFB /* AIAction.h */,
				CD42A9C923433E7E00986CFB /* AIAction.m */,
			);
			path = AIAction;
			sourceTree = "<group>";
		};
/* End PBXGroup section */

/* Begin PBXNativeTarget section */
		7CD1EFC9226D855600D85AB5 /* jedi_gobang */ = {
			isa = PBXNativeTarget;
			buildConfigurationList = 7CD1EFE0226D855800D85AB5 /* Build configuration list for PBXNativeTarget "jedi_gobang" */;
			buildPhases = (
				7CD1EFC6226D855600D85AB5 /* Sources */,
				7CD1EFC7226D855600D85AB5 /* Frameworks */,
				7CD1EFC8226D855600D85AB5 /* Resources */,
			);
			buildRules = (
			);
			dependencies = (
			);
			name = jedi_gobang;
			productName = jedi_gobang;
			productReference = 7CD1EFCA226D855600D85AB5 /* jedi_gobang.app */;
			productType = "com.apple.product-type.application";
		};
/* End PBXNativeTarget section */

/* Begin PBXProject section */
		7CD1EFC2226D855600D85AB5 /* Project object */ = {
			isa = PBXProject;
			attributes = {
				LastUpgradeCheck = 1010;
				ORGANIZATIONNAME = "李杰";
				TargetAttributes = {
					7CD1EFC9226D855600D85AB5 = {
						CreatedOnToolsVersion = 10.1;
					};
				};
			};
			buildConfigurationList = 7CD1EFC5226D855600D85AB5 /* Build configuration list for PBXProject "jedi_gobang" */;
			compatibilityVersion = "Xcode 10.0";
			developmentRegion = en;
			hasScannedForEncodings = 0;
			knownRegions = (
				en,
				Base,
			);
			mainGroup = 7CD1EFC1226D855600D85AB5;
			productRefGroup = 7CD1EFCB226D855600D85AB5 /* Products */;
			projectDirPath = "";
			projectRoot = "";
			targets = (
				7CD1EFC9226D855600D85AB5 /* jedi_gobang */,
			);
		};
/* End PBXProject section */

/* Begin PBXResourcesBuildPhase section */
		7CD1EFC8226D855600D85AB5 /* Resources */ = {
			isa = PBXResourcesBuildPhase;
			buildActionMask = 2147483647;
			files = (
				7CD1EFDA226D855800D85AB5 /* LaunchScreen.storyboard in Resources */,
				7CD1EFD7226D855800D85AB5 /* Assets.xcassets in Resources */,
				7CD1EFD5226D855600D85AB5 /* Main.storyboard in Resources */,
			);
			runOnlyForDeploymentPostprocessing = 0;
		};
/* End PBXResourcesBuildPhase section */

/* Begin PBXSourcesBuildPhase section */
		7CD1EFC6226D855600D85AB5 /* Sources */ = {
			isa = PBXSourcesBuildPhase;
			buildActionMask = 2147483647;
			files = (
				CD7AB08022DAC4AC0084C153 /* UIColor+Expanded.m in Sources */,
				8BD42DF122AF985E00E0D395 /* gobang_board.m in Sources */,
				7CD1EFE9226D860100D85AB5 /* jedi_gobang_view.m in Sources */,
				8BBD6DA222B2432D0032C84D /* NSString+Reverse.m in Sources */,
				CDCB5D2D22E43FD0009649A7 /* boardRecord.m in Sources */,
				CD42A9CA23433E7E00986CFB /* AIAction.m in Sources */,
				7CD1EFD2226D855600D85AB5 /* ViewController.m in Sources */,
				CD7AB08322DB01500084C153 /* settingView.m in Sources */,
				7CD1EFDD226D855800D85AB5 /* main.m in Sources */,
				8BBD6DA522B252EA0032C84D /* scoretree.m in Sources */,
				7CD1EFCF226D855600D85AB5 /* AppDelegate.m in Sources */,
				8B51ECF322C793DE0000C282 /* jedi_gobang_Controller.m in Sources */,
			);
			runOnlyForDeploymentPostprocessing = 0;
		};
/* End PBXSourcesBuildPhase section */

/* Begin PBXVariantGroup section */
		7CD1EFD3226D855600D85AB5 /* Main.storyboard */ = {
			isa = PBXVariantGroup;
			children = (
				7CD1EFD4226D855600D85AB5 /* Base */,
			);
			name = Main.storyboard;
			sourceTree = "<group>";
		};
		7CD1EFD8226D855800D85AB5 /* LaunchScreen.storyboard */ = {
			isa = PBXVariantGroup;
			children = (
				7CD1EFD9226D855800D85AB5 /* Base */,
			);
			name = LaunchScreen.storyboard;
			sourceTree = "<group>";
		};
/* End PBXVariantGroup section */

/* Begin XCBuildConfiguration section */
		7CD1EFDE226D855800D85AB5 /* Debug */ = {
			isa = XCBuildConfiguration;
			buildSettings = {
				ALWAYS_SEARCH_USER_PATHS = NO;
				CLANG_ANALYZER_NONNULL = YES;
				CLANG_ANALYZER_NUMBER_OBJECT_CONVERSION = YES_AGGRESSIVE;
				CLANG_CXX_LANGUAGE_STANDARD = "gnu++14";
				CLANG_CXX_LIBRARY = "libc++";
				CLANG_ENABLE_MODULES = YES;
				CLANG_ENABLE_OBJC_ARC = YES;
				CLANG_ENABLE_OBJC_WEAK = YES;
				CLANG_WARN_BLOCK_CAPTURE_AUTORELEASING = YES;
				CLANG_WARN_BOOL_CONVERSION = YES;
				CLANG_WARN_COMMA = YES;
				CLANG_WARN_CONSTANT_CONVERSION = YES;
				CLANG_WARN_DEPRECATED_OBJC_IMPLEMENTATIONS = YES;
				CLANG_WARN_DIRECT_OBJC_ISA_USAGE = YES_ERROR;
				CLANG_WARN_DOCUMENTATION_COMMENTS = YES;
				CLANG_WARN_EMPTY_BODY = YES;
				CLANG_WARN_ENUM_CONVERSION = YES;
				CLANG_WARN_INFINITE_RECURSION = YES;
				CLANG_WARN_INT_CONVERSION = YES;
				CLANG_WARN_NON_LITERAL_NULL_CONVERSION = YES;
				CLANG_WARN_OBJC_IMPLICIT_RETAIN_SELF = YES;
				CLANG_WARN_OBJC_LITERAL_CONVERSION = YES;
				CLANG_WARN_OBJC_ROOT_CLASS = YES_ERROR;
				CLANG_WARN_RANGE_LOOP_ANALYSIS = YES;
				CLANG_WARN_STRICT_PROTOTYPES = YES;
				CLANG_WARN_SUSPICIOUS_MOVE = YES;
				CLANG_WARN_UNGUARDED_AVAILABILITY = YES_AGGRESSIVE;
				CLANG_WARN_UNREACHABLE_CODE = YES;
				CLANG_WARN__DUPLICATE_METHOD_MATCH = YES;
				CODE_SIGN_IDENTITY = "iPhone Developer";
				COPY_PHASE_STRIP = NO;
				DEBUG_INFORMATION_FORMAT = dwarf;
				ENABLE_STRICT_OBJC_MSGSEND = YES;
				ENABLE_TESTABILITY = YES;
				GCC_C_LANGUAGE_STANDARD = gnu11;
				GCC_DYNAMIC_NO_PIC = NO;
				GCC_NO_COMMON_BLOCKS = YES;
				GCC_OPTIMIZATION_LEVEL = 0;
				GCC_PREPROCESSOR_DEFINITIONS = (
					"DEBUG=1",
					"$(inherited)",
				);
				GCC_WARN_64_TO_32_BIT_CONVERSION = YES;
				GCC_WARN_ABOUT_RETURN_TYPE = YES_ERROR;
				GCC_WARN_UNDECLARED_SELECTOR = YES;
				GCC_WARN_UNINITIALIZED_AUTOS = YES_AGGRESSIVE;
				GCC_WARN_UNUSED_FUNCTION = YES;
				GCC_WARN_UNUSED_VARIABLE = YES;
				IPHONEOS_DEPLOYMENT_TARGET = 12.1;
				MTL_ENABLE_DEBUG_INFO = INCLUDE_SOURCE;
				MTL_FAST_MATH = YES;
				ONLY_ACTIVE_ARCH = YES;
				SDKROOT = iphoneos;
			};
			name = Debug;
		};
		7CD1EFDF226D855800D85AB5 /* Release */ = {
			isa = XCBuildConfiguration;
			buildSettings = {
				ALWAYS_SEARCH_USER_PATHS = NO;
				CLANG_ANALYZER_NONNULL = YES;
				CLANG_ANALYZER_NUMBER_OBJECT_CONVERSION = YES_AGGRESSIVE;
				CLANG_CXX_LANGUAGE_STANDARD = "gnu++14";
				CLANG_CXX_LIBRARY = "libc++";
				CLANG_ENABLE_MODULES = YES;
				CLANG_ENABLE_OBJC_ARC = YES;
				CLANG_ENABLE_OBJC_WEAK = YES;
				CLANG_WARN_BLOCK_CAPTURE_AUTORELEASING = YES;
				CLANG_WARN_BOOL_CONVERSION = YES;
				CLANG_WARN_COMMA = YES;
				CLANG_WARN_CONSTANT_CONVERSION = YES;
				CLANG_WARN_DEPRECATED_OBJC_IMPLEMENTATIONS = YES;
				CLANG_WARN_DIRECT_OBJC_ISA_USAGE = YES_ERROR;
				CLANG_WARN_DOCUMENTATION_COMMENTS = YES;
				CLANG_WARN_EMPTY_BODY = YES;
				CLANG_WARN_ENUM_CONVERSION = YES;
				CLANG_WARN_INFINITE_RECURSION = YES;
				CLANG_WARN_INT_CONVERSION = YES;
				CLANG_WARN_NON_LITERAL_NULL_CONVERSION = YES;
				CLANG_WARN_OBJC_IMPLICIT_RETAIN_SELF = YES;
				CLANG_WARN_OBJC_LITERAL_CONVERSION = YES;
				CLANG_WARN_OBJC_ROOT_CLASS = YES_ERROR;
				CLANG_WARN_RANGE_LOOP_ANALYSIS = YES;
				CLANG_WARN_STRICT_PROTOTYPES = YES;
				CLANG_WARN_SUSPICIOUS_MOVE = YES;
				CLANG_WARN_UNGUARDED_AVAILABILITY = YES_AGGRESSIVE;
				CLANG_WARN_UNREACHABLE_CODE = YES;
				CLANG_WARN__DUPLICATE_METHOD_MATCH = YES;
				CODE_SIGN_IDENTITY = "iPhone Developer";
				COPY_PHASE_STRIP = NO;
				DEBUG_INFORMATION_FORMAT = "dwarf-with-dsym";
				ENABLE_NS_ASSERTIONS = NO;
				ENABLE_STRICT_OBJC_MSGSEND = YES;
				GCC_C_LANGUAGE_STANDARD = gnu11;
				GCC_NO_COMMON_BLOCKS = YES;
				GCC_WARN_64_TO_32_BIT_CONVERSION = YES;
				GCC_WARN_ABOUT_RETURN_TYPE = YES_ERROR;
				GCC_WARN_UNDECLARED_SELECTOR = YES;
				GCC_WARN_UNINITIALIZED_AUTOS = YES_AGGRESSIVE;
				GCC_WARN_UNUSED_FUNCTION = YES;
				GCC_WARN_UNUSED_VARIABLE = YES;
				IPHONEOS_DEPLOYMENT_TARGET = 12.1;
				MTL_ENABLE_DEBUG_INFO = NO;
				MTL_FAST_MATH = YES;
				SDKROOT = iphoneos;
				VALIDATE_PRODUCT = YES;
			};
			name = Release;
		};
		7CD1EFE1226D855800D85AB5 /* Debug */ = {
			isa = XCBuildConfiguration;
			buildSettings = {
				ASSETCATALOG_COMPILER_APPICON_NAME = AppIcon;
				CODE_SIGN_STYLE = Automatic;
				DEVELOPMENT_TEAM = 626MCCPRK2;
				INFOPLIST_FILE = jedi_gobang/Info.plist;
				LD_RUNPATH_SEARCH_PATHS = (
					"$(inherited)",
					"@executable_path/Frameworks",
				);
				PRODUCT_BUNDLE_IDENTIFIER = "DEMO.jedi-gobang";
				PRODUCT_NAME = "$(TARGET_NAME)";
				TARGETED_DEVICE_FAMILY = "1,2";
			};
			name = Debug;
		};
		7CD1EFE2226D855800D85AB5 /* Release */ = {
			isa = XCBuildConfiguration;
			buildSettings = {
				ASSETCATALOG_COMPILER_APPICON_NAME = AppIcon;
				CODE_SIGN_STYLE = Automatic;
				DEVELOPMENT_TEAM = 626MCCPRK2;
				INFOPLIST_FILE = jedi_gobang/Info.plist;
				LD_RUNPATH_SEARCH_PATHS = (
					"$(inherited)",
					"@executable_path/Frameworks",
				);
				PRODUCT_BUNDLE_IDENTIFIER = "DEMO.jedi-gobang";
				PRODUCT_NAME = "$(TARGET_NAME)";
				TARGETED_DEVICE_FAMILY = "1,2";
			};
			name = Release;
		};
/* End XCBuildConfiguration section */

/* Begin XCConfigurationList section */
		7CD1EFC5226D855600D85AB5 /* Build configuration list for PBXProject "jedi_gobang" */ = {
			isa = XCConfigurationList;
			buildConfigurations = (
				7CD1EFDE226D855800D85AB5 /* Debug */,
				7CD1EFDF226D855800D85AB5 /* Release */,
			);
			defaultConfigurationIsVisible = 0;
			defaultConfigurationName = Release;
		};
		7CD1EFE0226D855800D85AB5 /* Build configuration list for PBXNativeTarget "jedi_gobang" */ = {
			isa = XCConfigurationList;
			buildConfigurations = (
				7CD1EFE1226D855800D85AB5 /* Debug */,
				7CD1EFE2226D855800D85AB5 /* Release */,
			);
			defaultConfigurationIsVisible = 0;
			defaultConfigurationName = Release;
		};
/* End XCConfigurationList section */
	};
	rootObject = 7CD1EFC2226D855600D85AB5 /* Project object */;
}
